// !$*UTF8*$!
{
	archiveVersion = 1;
	classes = {
	};
	objectVersion = 56;
	objects = {

/* Begin PBXBuildFile section */
		3D46106328F7021600DF7416 /* HomeViewModel.swift in Sources */ = {isa = PBXBuildFile; fileRef = 3D46106228F7021600DF7416 /* HomeViewModel.swift */; };
		3D46106628F707F000DF7416 /* CoinDataService.swift in Sources */ = {isa = PBXBuildFile; fileRef = 3D46106528F707F000DF7416 /* CoinDataService.swift */; };
		3D61A08028F8905400E94AAC /* NetworkingManager.swift in Sources */ = {isa = PBXBuildFile; fileRef = 3D61A07F28F8905400E94AAC /* NetworkingManager.swift */; };
		3D61A08428F9AFD200E94AAC /* CoinImageView.swift in Sources */ = {isa = PBXBuildFile; fileRef = 3D61A08328F9AFD200E94AAC /* CoinImageView.swift */; };
		3D61A08628F9B0DA00E94AAC /* CoinImageService.swift in Sources */ = {isa = PBXBuildFile; fileRef = 3D61A08528F9B0DA00E94AAC /* CoinImageService.swift */; };
		3D61A08828F9B20C00E94AAC /* CoinImageViewModel.swift in Sources */ = {isa = PBXBuildFile; fileRef = 3D61A08728F9B20C00E94AAC /* CoinImageViewModel.swift */; };
		3D61A08A28F9B9FE00E94AAC /* LocalFileManager.swift in Sources */ = {isa = PBXBuildFile; fileRef = 3D61A08928F9B9FE00E94AAC /* LocalFileManager.swift */; };
		3D61A08C28F9C73000E94AAC /* SearchBarView.swift in Sources */ = {isa = PBXBuildFile; fileRef = 3D61A08B28F9C73000E94AAC /* SearchBarView.swift */; };
		3D83D91028F289B800DB4114 /* CryptoApp.swift in Sources */ = {isa = PBXBuildFile; fileRef = 3D83D90F28F289B800DB4114 /* CryptoApp.swift */; };
		3D83D91228F289B800DB4114 /* ContentView.swift in Sources */ = {isa = PBXBuildFile; fileRef = 3D83D91128F289B800DB4114 /* ContentView.swift */; };
		3D83D91428F289B900DB4114 /* Assets.xcassets in Resources */ = {isa = PBXBuildFile; fileRef = 3D83D91328F289B900DB4114 /* Assets.xcassets */; };
		3D83D91728F289B900DB4114 /* Preview Assets.xcassets in Resources */ = {isa = PBXBuildFile; fileRef = 3D83D91628F289B900DB4114 /* Preview Assets.xcassets */; };
		3D83D91928F289B900DB4114 /* Persistence.swift in Sources */ = {isa = PBXBuildFile; fileRef = 3D83D91828F289B900DB4114 /* Persistence.swift */; };
		3D83D91C28F289B900DB4114 /* Crypto_App.xcdatamodeld in Sources */ = {isa = PBXBuildFile; fileRef = 3D83D91A28F289B900DB4114 /* Crypto_App.xcdatamodeld */; };
		3D83D92728F28BBA00DB4114 /* Date.swift in Sources */ = {isa = PBXBuildFile; fileRef = 3D83D92428F28BBA00DB4114 /* Date.swift */; };
		3D83D92828F28BBA00DB4114 /* Color.swift in Sources */ = {isa = PBXBuildFile; fileRef = 3D83D92528F28BBA00DB4114 /* Color.swift */; };
		3D83D92928F28BBA00DB4114 /* Double.swift in Sources */ = {isa = PBXBuildFile; fileRef = 3D83D92628F28BBA00DB4114 /* Double.swift */; };
		3D83D92B28F28BC400DB4114 /* String.swift in Sources */ = {isa = PBXBuildFile; fileRef = 3D83D92A28F28BC400DB4114 /* String.swift */; };
		3D83D92D28F28BC800DB4114 /* UIApplication.swift in Sources */ = {isa = PBXBuildFile; fileRef = 3D83D92C28F28BC800DB4114 /* UIApplication.swift */; };
		3D83D93428F49BA900DB4114 /* HomeView.swift in Sources */ = {isa = PBXBuildFile; fileRef = 3D83D93328F49BA900DB4114 /* HomeView.swift */; };
		3D83D93828F49CAE00DB4114 /* CircleButtonView.swift in Sources */ = {isa = PBXBuildFile; fileRef = 3D83D93728F49CAE00DB4114 /* CircleButtonView.swift */; };
		3D83D93D28F4A39A00DB4114 /* CoinModel.swift in Sources */ = {isa = PBXBuildFile; fileRef = 3D83D93C28F4A39A00DB4114 /* CoinModel.swift */; };
		3D83D93F28F4BF0100DB4114 /* CoinRowView.swift in Sources */ = {isa = PBXBuildFile; fileRef = 3D83D93E28F4BF0100DB4114 /* CoinRowView.swift */; };
		3D83D94128F4BF5F00DB4114 /* PreviewProvider.swift in Sources */ = {isa = PBXBuildFile; fileRef = 3D83D94028F4BF5F00DB4114 /* PreviewProvider.swift */; };
		3D83D94328F4C52900DB4114 /* View.swift in Sources */ = {isa = PBXBuildFile; fileRef = 3D83D94228F4C52900DB4114 /* View.swift */; };
		3DB65B7028FCB3B0005D187E /* StatisticModel.swift in Sources */ = {isa = PBXBuildFile; fileRef = 3DB65B6F28FCB3B0005D187E /* StatisticModel.swift */; };
		3DB65B7228FCB50D005D187E /* StatisticView.swift in Sources */ = {isa = PBXBuildFile; fileRef = 3DB65B7128FCB50D005D187E /* StatisticView.swift */; };
		3DB65B7428FCB7C5005D187E /* HomeStatsView.swift in Sources */ = {isa = PBXBuildFile; fileRef = 3DB65B7328FCB7C4005D187E /* HomeStatsView.swift */; };
/* End PBXBuildFile section */

/* Begin PBXFileReference section */
		3D46106228F7021600DF7416 /* HomeViewModel.swift */ = {isa = PBXFileReference; lastKnownFileType = sourcecode.swift; path = HomeViewModel.swift; sourceTree = "<group>"; };
		3D46106528F707F000DF7416 /* CoinDataService.swift */ = {isa = PBXFileReference; lastKnownFileType = sourcecode.swift; path = CoinDataService.swift; sourceTree = "<group>"; };
		3D61A07F28F8905400E94AAC /* NetworkingManager.swift */ = {isa = PBXFileReference; lastKnownFileType = sourcecode.swift; path = NetworkingManager.swift; sourceTree = "<group>"; };
		3D61A08328F9AFD200E94AAC /* CoinImageView.swift */ = {isa = PBXFileReference; lastKnownFileType = sourcecode.swift; path = CoinImageView.swift; sourceTree = "<group>"; };
		3D61A08528F9B0DA00E94AAC /* CoinImageService.swift */ = {isa = PBXFileReference; lastKnownFileType = sourcecode.swift; path = CoinImageService.swift; sourceTree = "<group>"; };
		3D61A08728F9B20C00E94AAC /* CoinImageViewModel.swift */ = {isa = PBXFileReference; lastKnownFileType = sourcecode.swift; path = CoinImageViewModel.swift; sourceTree = "<group>"; };
		3D61A08928F9B9FE00E94AAC /* LocalFileManager.swift */ = {isa = PBXFileReference; lastKnownFileType = sourcecode.swift; path = LocalFileManager.swift; sourceTree = "<group>"; };
		3D61A08B28F9C73000E94AAC /* SearchBarView.swift */ = {isa = PBXFileReference; lastKnownFileType = sourcecode.swift; path = SearchBarView.swift; sourceTree = "<group>"; };
		3D83D90C28F289B800DB4114 /* Crypto App.app */ = {isa = PBXFileReference; explicitFileType = wrapper.application; includeInIndex = 0; path = "Crypto App.app"; sourceTree = BUILT_PRODUCTS_DIR; };
		3D83D90F28F289B800DB4114 /* CryptoApp.swift */ = {isa = PBXFileReference; lastKnownFileType = sourcecode.swift; path = CryptoApp.swift; sourceTree = "<group>"; };
		3D83D91128F289B800DB4114 /* ContentView.swift */ = {isa = PBXFileReference; lastKnownFileType = sourcecode.swift; path = ContentView.swift; sourceTree = "<group>"; };
		3D83D91328F289B900DB4114 /* Assets.xcassets */ = {isa = PBXFileReference; lastKnownFileType = folder.assetcatalog; path = Assets.xcassets; sourceTree = "<group>"; };
		3D83D91628F289B900DB4114 /* Preview Assets.xcassets */ = {isa = PBXFileReference; lastKnownFileType = folder.assetcatalog; path = "Preview Assets.xcassets"; sourceTree = "<group>"; };
		3D83D91828F289B900DB4114 /* Persistence.swift */ = {isa = PBXFileReference; lastKnownFileType = sourcecode.swift; path = Persistence.swift; sourceTree = "<group>"; };
		3D83D91B28F289B900DB4114 /* Crypto_App.xcdatamodel */ = {isa = PBXFileReference; lastKnownFileType = wrapper.xcdatamodel; path = Crypto_App.xcdatamodel; sourceTree = "<group>"; };
		3D83D91D28F289B900DB4114 /* Info.plist */ = {isa = PBXFileReference; lastKnownFileType = text.plist.xml; path = Info.plist; sourceTree = "<group>"; };
		3D83D92428F28BBA00DB4114 /* Date.swift */ = {isa = PBXFileReference; fileEncoding = 4; lastKnownFileType = sourcecode.swift; path = Date.swift; sourceTree = "<group>"; };
		3D83D92528F28BBA00DB4114 /* Color.swift */ = {isa = PBXFileReference; fileEncoding = 4; lastKnownFileType = sourcecode.swift; path = Color.swift; sourceTree = "<group>"; };
		3D83D92628F28BBA00DB4114 /* Double.swift */ = {isa = PBXFileReference; fileEncoding = 4; lastKnownFileType = sourcecode.swift; path = Double.swift; sourceTree = "<group>"; };
		3D83D92A28F28BC400DB4114 /* String.swift */ = {isa = PBXFileReference; fileEncoding = 4; lastKnownFileType = sourcecode.swift; path = String.swift; sourceTree = "<group>"; };
		3D83D92C28F28BC800DB4114 /* UIApplication.swift */ = {isa = PBXFileReference; fileEncoding = 4; lastKnownFileType = sourcecode.swift; path = UIApplication.swift; sourceTree = "<group>"; };
		3D83D93328F49BA900DB4114 /* HomeView.swift */ = {isa = PBXFileReference; lastKnownFileType = sourcecode.swift; path = HomeView.swift; sourceTree = "<group>"; };
		3D83D93728F49CAE00DB4114 /* CircleButtonView.swift */ = {isa = PBXFileReference; lastKnownFileType = sourcecode.swift; path = CircleButtonView.swift; sourceTree = "<group>"; };
		3D83D93C28F4A39A00DB4114 /* CoinModel.swift */ = {isa = PBXFileReference; lastKnownFileType = sourcecode.swift; path = CoinModel.swift; sourceTree = "<group>"; };
		3D83D93E28F4BF0100DB4114 /* CoinRowView.swift */ = {isa = PBXFileReference; lastKnownFileType = sourcecode.swift; path = CoinRowView.swift; sourceTree = "<group>"; };
		3D83D94028F4BF5F00DB4114 /* PreviewProvider.swift */ = {isa = PBXFileReference; lastKnownFileType = sourcecode.swift; path = PreviewProvider.swift; sourceTree = "<group>"; };
		3D83D94228F4C52900DB4114 /* View.swift */ = {isa = PBXFileReference; lastKnownFileType = sourcecode.swift; path = View.swift; sourceTree = "<group>"; };
		3DB65B6F28FCB3B0005D187E /* StatisticModel.swift */ = {isa = PBXFileReference; lastKnownFileType = sourcecode.swift; path = StatisticModel.swift; sourceTree = "<group>"; };
		3DB65B7128FCB50D005D187E /* StatisticView.swift */ = {isa = PBXFileReference; lastKnownFileType = sourcecode.swift; path = StatisticView.swift; sourceTree = "<group>"; };
		3DB65B7328FCB7C4005D187E /* HomeStatsView.swift */ = {isa = PBXFileReference; lastKnownFileType = sourcecode.swift; path = HomeStatsView.swift; sourceTree = "<group>"; };
/* End PBXFileReference section */

/* Begin PBXFrameworksBuildPhase section */
		3D83D90928F289B800DB4114 /* Frameworks */ = {
			isa = PBXFrameworksBuildPhase;
			buildActionMask = 2147483647;
			files = (
			);
			runOnlyForDeploymentPostprocessing = 0;
		};
/* End PBXFrameworksBuildPhase section */

/* Begin PBXGroup section */
		3D46106428F707BE00DF7416 /* Services */ = {
			isa = PBXGroup;
			children = (
				3D46106528F707F000DF7416 /* CoinDataService.swift */,
				3D61A08528F9B0DA00E94AAC /* CoinImageService.swift */,
			);
			path = Services;
			sourceTree = "<group>";
		};
		3D61A08128F8909900E94AAC /* Utils */ = {
			isa = PBXGroup;
			children = (
				3D61A07F28F8905400E94AAC /* NetworkingManager.swift */,
				3D61A08928F9B9FE00E94AAC /* LocalFileManager.swift */,
			);
			path = Utils;
			sourceTree = "<group>";
		};
		3D61A08228F9AFC700E94AAC /* CoinImage */ = {
			isa = PBXGroup;
			children = (
				3D61A08328F9AFD200E94AAC /* CoinImageView.swift */,
				3D61A08728F9B20C00E94AAC /* CoinImageViewModel.swift */,
			);
			path = CoinImage;
			sourceTree = "<group>";
		};
		3D83D90328F289B800DB4114 = {
			isa = PBXGroup;
			children = (
				3D83D90E28F289B800DB4114 /* App */,
				3D83D90D28F289B800DB4114 /* Products */,
			);
			sourceTree = "<group>";
		};
		3D83D90D28F289B800DB4114 /* Products */ = {
			isa = PBXGroup;
			children = (
				3D83D90C28F289B800DB4114 /* Crypto App.app */,
			);
			name = Products;
			sourceTree = "<group>";
		};
		3D83D90E28F289B800DB4114 /* App */ = {
			isa = PBXGroup;
			children = (
				3D61A08128F8909900E94AAC /* Utils */,
				3D46106428F707BE00DF7416 /* Services */,
				3D83D92F28F49B4D00DB4114 /* Configs */,
				3D83D92E28F49AE800DB4114 /* Core */,
				3D83D92328F28BAE00DB4114 /* Extensions */,
				3D83D93B28F4A38900DB4114 /* Models */,
				3D83D91128F289B800DB4114 /* ContentView.swift */,
				3D83D91828F289B900DB4114 /* Persistence.swift */,
				3D83D91A28F289B900DB4114 /* Crypto_App.xcdatamodeld */,
				3D83D91528F289B900DB4114 /* Preview Content */,
			);
			path = App;
			sourceTree = "<group>";
		};
		3D83D91528F289B900DB4114 /* Preview Content */ = {
			isa = PBXGroup;
			children = (
				3D83D91628F289B900DB4114 /* Preview Assets.xcassets */,
			);
			path = "Preview Content";
			sourceTree = "<group>";
		};
		3D83D92328F28BAE00DB4114 /* Extensions */ = {
			isa = PBXGroup;
			children = (
				3D83D92528F28BBA00DB4114 /* Color.swift */,
				3D83D92428F28BBA00DB4114 /* Date.swift */,
				3D83D92628F28BBA00DB4114 /* Double.swift */,
				3D83D92A28F28BC400DB4114 /* String.swift */,
				3D83D92C28F28BC800DB4114 /* UIApplication.swift */,
				3D83D94028F4BF5F00DB4114 /* PreviewProvider.swift */,
				3D83D94228F4C52900DB4114 /* View.swift */,
			);
			path = Extensions;
			sourceTree = "<group>";
		};
		3D83D92E28F49AE800DB4114 /* Core */ = {
			isa = PBXGroup;
			children = (
				3D83D93528F49C8500DB4114 /* Components */,
				3D83D93028F49B7400DB4114 /* Home */,
			);
			path = Core;
			sourceTree = "<group>";
		};
		3D83D92F28F49B4D00DB4114 /* Configs */ = {
			isa = PBXGroup;
			children = (
				3D83D90F28F289B800DB4114 /* CryptoApp.swift */,
				3D83D91328F289B900DB4114 /* Assets.xcassets */,
				3D83D91D28F289B900DB4114 /* Info.plist */,
			);
			path = Configs;
			sourceTree = "<group>";
		};
		3D83D93028F49B7400DB4114 /* Home */ = {
			isa = PBXGroup;
			children = (
				3D83D93228F49B8900DB4114 /* ViewModels */,
				3D83D93128F49B7C00DB4114 /* Views */,
			);
			path = Home;
			sourceTree = "<group>";
		};
		3D83D93128F49B7C00DB4114 /* Views */ = {
			isa = PBXGroup;
			children = (
				3D83D93328F49BA900DB4114 /* HomeView.swift */,
				3DB65B7328FCB7C4005D187E /* HomeStatsView.swift */,
				3D83D93E28F4BF0100DB4114 /* CoinRowView.swift */,
			);
			path = Views;
			sourceTree = "<group>";
		};
		3D83D93228F49B8900DB4114 /* ViewModels */ = {
			isa = PBXGroup;
			children = (
				3D46106228F7021600DF7416 /* HomeViewModel.swift */,
			);
			path = ViewModels;
			sourceTree = "<group>";
		};
		3D83D93528F49C8500DB4114 /* Components */ = {
			isa = PBXGroup;
			children = (
				3D61A08228F9AFC700E94AAC /* CoinImage */,
				3D83D93628F49C9F00DB4114 /* CircleButton */,
				3D61A08B28F9C73000E94AAC /* SearchBarView.swift */,
				3DB65B7128FCB50D005D187E /* StatisticView.swift */,
			);
			path = Components;
			sourceTree = "<group>";
		};
		3D83D93628F49C9F00DB4114 /* CircleButton */ = {
			isa = PBXGroup;
			children = (
				3D83D93728F49CAE00DB4114 /* CircleButtonView.swift */,
			);
			path = CircleButton;
			sourceTree = "<group>";
		};
		3D83D93B28F4A38900DB4114 /* Models */ = {
			isa = PBXGroup;
			children = (
				3D83D93C28F4A39A00DB4114 /* CoinModel.swift */,
				3DB65B6F28FCB3B0005D187E /* StatisticModel.swift */,
			);
			path = Models;
			sourceTree = "<group>";
		};
/* End PBXGroup section */

/* Begin PBXNativeTarget section */
		3D83D90B28F289B800DB4114 /* Crypto App */ = {
			isa = PBXNativeTarget;
			buildConfigurationList = 3D83D92028F289B900DB4114 /* Build configuration list for PBXNativeTarget "Crypto App" */;
			buildPhases = (
				3D83D90828F289B800DB4114 /* Sources */,
				3D83D90928F289B800DB4114 /* Frameworks */,
				3D83D90A28F289B800DB4114 /* Resources */,
			);
			buildRules = (
			);
			dependencies = (
			);
			name = "Crypto App";
			productName = "Crypto App";
			productReference = 3D83D90C28F289B800DB4114 /* Crypto App.app */;
			productType = "com.apple.product-type.application";
		};
/* End PBXNativeTarget section */

/* Begin PBXProject section */
		3D83D90428F289B800DB4114 /* Project object */ = {
			isa = PBXProject;
			attributes = {
				BuildIndependentTargetsInParallel = 1;
				LastSwiftUpdateCheck = 1400;
				LastUpgradeCheck = 1400;
				TargetAttributes = {
					3D83D90B28F289B800DB4114 = {
						CreatedOnToolsVersion = 14.0;
					};
				};
			};
			buildConfigurationList = 3D83D90728F289B800DB4114 /* Build configuration list for PBXProject "Crypto App" */;
			compatibilityVersion = "Xcode 14.0";
			developmentRegion = en;
			hasScannedForEncodings = 0;
			knownRegions = (
				en,
				Base,
			);
			mainGroup = 3D83D90328F289B800DB4114;
			productRefGroup = 3D83D90D28F289B800DB4114 /* Products */;
			projectDirPath = "";
			projectRoot = "";
			targets = (
				3D83D90B28F289B800DB4114 /* Crypto App */,
			);
		};
/* End PBXProject section */

/* Begin PBXResourcesBuildPhase section */
		3D83D90A28F289B800DB4114 /* Resources */ = {
			isa = PBXResourcesBuildPhase;
			buildActionMask = 2147483647;
			files = (
				3D83D91728F289B900DB4114 /* Preview Assets.xcassets in Resources */,
				3D83D91428F289B900DB4114 /* Assets.xcassets in Resources */,
			);
			runOnlyForDeploymentPostprocessing = 0;
		};
/* End PBXResourcesBuildPhase section */

/* Begin PBXSourcesBuildPhase section */
		3D83D90828F289B800DB4114 /* Sources */ = {
			isa = PBXSourcesBuildPhase;
			buildActionMask = 2147483647;
			files = (
				3D83D92D28F28BC800DB4114 /* UIApplication.swift in Sources */,
				3D61A08A28F9B9FE00E94AAC /* LocalFileManager.swift in Sources */,
				3D83D93F28F4BF0100DB4114 /* CoinRowView.swift in Sources */,
				3DB65B7428FCB7C5005D187E /* HomeStatsView.swift in Sources */,
				3D83D94328F4C52900DB4114 /* View.swift in Sources */,
				3D61A08828F9B20C00E94AAC /* CoinImageViewModel.swift in Sources */,
				3D61A08428F9AFD200E94AAC /* CoinImageView.swift in Sources */,
				3D61A08C28F9C73000E94AAC /* SearchBarView.swift in Sources */,
				3D61A08028F8905400E94AAC /* NetworkingManager.swift in Sources */,
				3D46106328F7021600DF7416 /* HomeViewModel.swift in Sources */,
				3D83D91C28F289B900DB4114 /* Crypto_App.xcdatamodeld in Sources */,
				3D83D92728F28BBA00DB4114 /* Date.swift in Sources */,
				3D83D93428F49BA900DB4114 /* HomeView.swift in Sources */,
				3D83D94128F4BF5F00DB4114 /* PreviewProvider.swift in Sources */,
				3D83D93D28F4A39A00DB4114 /* CoinModel.swift in Sources */,
				3D46106628F707F000DF7416 /* CoinDataService.swift in Sources */,
				3D83D91928F289B900DB4114 /* Persistence.swift in Sources */,
				3DB65B7028FCB3B0005D187E /* StatisticModel.swift in Sources */,
				3D83D91228F289B800DB4114 /* ContentView.swift in Sources */,
				3D83D91028F289B800DB4114 /* CryptoApp.swift in Sources */,
				3D83D93828F49CAE00DB4114 /* CircleButtonView.swift in Sources */,
				3D83D92828F28BBA00DB4114 /* Color.swift in Sources */,
				3DB65B7228FCB50D005D187E /* StatisticView.swift in Sources */,
				3D83D92B28F28BC400DB4114 /* String.swift in Sources */,
				3D61A08628F9B0DA00E94AAC /* CoinImageService.swift in Sources */,
				3D83D92928F28BBA00DB4114 /* Double.swift in Sources */,
			);
			runOnlyForDeploymentPostprocessing = 0;
		};
/* End PBXSourcesBuildPhase section */

/* Begin XCBuildConfiguration section */
		3D83D91E28F289B900DB4114 /* Debug */ = {
			isa = XCBuildConfiguration;
			buildSettings = {
				ALWAYS_SEARCH_USER_PATHS = NO;
				CLANG_ANALYZER_NONNULL = YES;
				CLANG_ANALYZER_NUMBER_OBJECT_CONVERSION = YES_AGGRESSIVE;
				CLANG_CXX_LANGUAGE_STANDARD = "gnu++20";
				CLANG_ENABLE_MODULES = YES;
				CLANG_ENABLE_OBJC_ARC = YES;
				CLANG_ENABLE_OBJC_WEAK = YES;
				CLANG_WARN_BLOCK_CAPTURE_AUTORELEASING = YES;
				CLANG_WARN_BOOL_CONVERSION = YES;
				CLANG_WARN_COMMA = YES;
				CLANG_WARN_CONSTANT_CONVERSION = YES;
				CLANG_WARN_DEPRECATED_OBJC_IMPLEMENTATIONS = YES;
				CLANG_WARN_DIRECT_OBJC_ISA_USAGE = YES_ERROR;
				CLANG_WARN_DOCUMENTATION_COMMENTS = YES;
				CLANG_WARN_EMPTY_BODY = YES;
				CLANG_WARN_ENUM_CONVERSION = YES;
				CLANG_WARN_INFINITE_RECURSION = YES;
				CLANG_WARN_INT_CONVERSION = YES;
				CLANG_WARN_NON_LITERAL_NULL_CONVERSION = YES;
				CLANG_WARN_OBJC_IMPLICIT_RETAIN_SELF = YES;
				CLANG_WARN_OBJC_LITERAL_CONVERSION = YES;
				CLANG_WARN_OBJC_ROOT_CLASS = YES_ERROR;
				CLANG_WARN_QUOTED_INCLUDE_IN_FRAMEWORK_HEADER = YES;
				CLANG_WARN_RANGE_LOOP_ANALYSIS = YES;
				CLANG_WARN_STRICT_PROTOTYPES = YES;
				CLANG_WARN_SUSPICIOUS_MOVE = YES;
				CLANG_WARN_UNGUARDED_AVAILABILITY = YES_AGGRESSIVE;
				CLANG_WARN_UNREACHABLE_CODE = YES;
				CLANG_WARN__DUPLICATE_METHOD_MATCH = YES;
				COPY_PHASE_STRIP = NO;
				DEBUG_INFORMATION_FORMAT = dwarf;
				ENABLE_STRICT_OBJC_MSGSEND = YES;
				ENABLE_TESTABILITY = YES;
				GCC_C_LANGUAGE_STANDARD = gnu11;
				GCC_DYNAMIC_NO_PIC = NO;
				GCC_NO_COMMON_BLOCKS = YES;
				GCC_OPTIMIZATION_LEVEL = 0;
				GCC_PREPROCESSOR_DEFINITIONS = (
					"DEBUG=1",
					"$(inherited)",
				);
				GCC_WARN_64_TO_32_BIT_CONVERSION = YES;
				GCC_WARN_ABOUT_RETURN_TYPE = YES_ERROR;
				GCC_WARN_UNDECLARED_SELECTOR = YES;
				GCC_WARN_UNINITIALIZED_AUTOS = YES_AGGRESSIVE;
				GCC_WARN_UNUSED_FUNCTION = YES;
				GCC_WARN_UNUSED_VARIABLE = YES;
				IPHONEOS_DEPLOYMENT_TARGET = 15.0;
				MTL_ENABLE_DEBUG_INFO = INCLUDE_SOURCE;
				MTL_FAST_MATH = YES;
				ONLY_ACTIVE_ARCH = YES;
				SDKROOT = iphoneos;
				SWIFT_ACTIVE_COMPILATION_CONDITIONS = DEBUG;
				SWIFT_OPTIMIZATION_LEVEL = "-Onone";
			};
			name = Debug;
		};
		3D83D91F28F289B900DB4114 /* Release */ = {
			isa = XCBuildConfiguration;
			buildSettings = {
				ALWAYS_SEARCH_USER_PATHS = NO;
				CLANG_ANALYZER_NONNULL = YES;
				CLANG_ANALYZER_NUMBER_OBJECT_CONVERSION = YES_AGGRESSIVE;
				CLANG_CXX_LANGUAGE_STANDARD = "gnu++20";
				CLANG_ENABLE_MODULES = YES;
				CLANG_ENABLE_OBJC_ARC = YES;
				CLANG_ENABLE_OBJC_WEAK = YES;
				CLANG_WARN_BLOCK_CAPTURE_AUTORELEASING = YES;
				CLANG_WARN_BOOL_CONVERSION = YES;
				CLANG_WARN_COMMA = YES;
				CLANG_WARN_CONSTANT_CONVERSION = YES;
				CLANG_WARN_DEPRECATED_OBJC_IMPLEMENTATIONS = YES;
				CLANG_WARN_DIRECT_OBJC_ISA_USAGE = YES_ERROR;
				CLANG_WARN_DOCUMENTATION_COMMENTS = YES;
				CLANG_WARN_EMPTY_BODY = YES;
				CLANG_WARN_ENUM_CONVERSION = YES;
				CLANG_WARN_INFINITE_RECURSION = YES;
				CLANG_WARN_INT_CONVERSION = YES;
				CLANG_WARN_NON_LITERAL_NULL_CONVERSION = YES;
				CLANG_WARN_OBJC_IMPLICIT_RETAIN_SELF = YES;
				CLANG_WARN_OBJC_LITERAL_CONVERSION = YES;
				CLANG_WARN_OBJC_ROOT_CLASS = YES_ERROR;
				CLANG_WARN_QUOTED_INCLUDE_IN_FRAMEWORK_HEADER = YES;
				CLANG_WARN_RANGE_LOOP_ANALYSIS = YES;
				CLANG_WARN_STRICT_PROTOTYPES = YES;
				CLANG_WARN_SUSPICIOUS_MOVE = YES;
				CLANG_WARN_UNGUARDED_AVAILABILITY = YES_AGGRESSIVE;
				CLANG_WARN_UNREACHABLE_CODE = YES;
				CLANG_WARN__DUPLICATE_METHOD_MATCH = YES;
				COPY_PHASE_STRIP = NO;
				DEBUG_INFORMATION_FORMAT = "dwarf-with-dsym";
				ENABLE_NS_ASSERTIONS = NO;
				ENABLE_STRICT_OBJC_MSGSEND = YES;
				GCC_C_LANGUAGE_STANDARD = gnu11;
				GCC_NO_COMMON_BLOCKS = YES;
				GCC_WARN_64_TO_32_BIT_CONVERSION = YES;
				GCC_WARN_ABOUT_RETURN_TYPE = YES_ERROR;
				GCC_WARN_UNDECLARED_SELECTOR = YES;
				GCC_WARN_UNINITIALIZED_AUTOS = YES_AGGRESSIVE;
				GCC_WARN_UNUSED_FUNCTION = YES;
				GCC_WARN_UNUSED_VARIABLE = YES;
				IPHONEOS_DEPLOYMENT_TARGET = 15.0;
				MTL_ENABLE_DEBUG_INFO = NO;
				MTL_FAST_MATH = YES;
				SDKROOT = iphoneos;
				SWIFT_COMPILATION_MODE = wholemodule;
				SWIFT_OPTIMIZATION_LEVEL = "-O";
				VALIDATE_PRODUCT = YES;
			};
			name = Release;
		};
		3D83D92128F289B900DB4114 /* Debug */ = {
			isa = XCBuildConfiguration;
			buildSettings = {
				ASSETCATALOG_COMPILER_APPICON_NAME = AppIcon;
				ASSETCATALOG_COMPILER_GLOBAL_ACCENT_COLOR_NAME = AccentColor;
				CODE_SIGN_STYLE = Automatic;
				CURRENT_PROJECT_VERSION = 1;
				DEVELOPMENT_ASSET_PATHS = "\"App/Preview Content\"";
				DEVELOPMENT_TEAM = 8J72S889CZ;
				ENABLE_PREVIEWS = YES;
				GENERATE_INFOPLIST_FILE = YES;
				INFOPLIST_KEY_CFBundleDisplayName = "Crypto Tracker";
				INFOPLIST_KEY_UIApplicationSceneManifest_Generation = YES;
				INFOPLIST_KEY_UIApplicationSupportsIndirectInputEvents = YES;
				INFOPLIST_KEY_UILaunchScreen_Generation = YES;
				INFOPLIST_KEY_UISupportedInterfaceOrientations = UIInterfaceOrientationPortrait;
				INFOPLIST_KEY_UISupportedInterfaceOrientations_iPad = "UIInterfaceOrientationLandscapeLeft UIInterfaceOrientationLandscapeRight UIInterfaceOrientationPortrait UIInterfaceOrientationPortraitUpsideDown";
				IPHONEOS_DEPLOYMENT_TARGET = 15.0;
				LD_RUNPATH_SEARCH_PATHS = (
					"$(inherited)",
					"@executable_path/Frameworks",
				);
				MARKETING_VERSION = 1.0;
				PRODUCT_BUNDLE_IDENTIFIER = "ca.bytesizedsoftware.Crypto-App";
				PRODUCT_NAME = "$(TARGET_NAME)";
				SUPPORTED_PLATFORMS = "iphoneos iphonesimulator";
				SUPPORTS_MACCATALYST = NO;
				SUPPORTS_MAC_DESIGNED_FOR_IPHONE_IPAD = NO;
				SWIFT_EMIT_LOC_STRINGS = YES;
				SWIFT_VERSION = 5.0;
				TARGETED_DEVICE_FAMILY = 1;
			};
			name = Debug;
		};
		3D83D92228F289B900DB4114 /* Release */ = {
			isa = XCBuildConfiguration;
			buildSettings = {
				ASSETCATALOG_COMPILER_APPICON_NAME = AppIcon;
				ASSETCATALOG_COMPILER_GLOBAL_ACCENT_COLOR_NAME = AccentColor;
				CODE_SIGN_STYLE = Automatic;
				CURRENT_PROJECT_VERSION = 1;
				DEVELOPMENT_ASSET_PATHS = "\"App/Preview Content\"";
				DEVELOPMENT_TEAM = 8J72S889CZ;
				ENABLE_PREVIEWS = YES;
				GENERATE_INFOPLIST_FILE = YES;
				INFOPLIST_KEY_CFBundleDisplayName = "Crypto Tracker";
				INFOPLIST_KEY_UIApplicationSceneManifest_Generation = YES;
				INFOPLIST_KEY_UIApplicationSupportsIndirectInputEvents = YES;
				INFOPLIST_KEY_UILaunchScreen_Generation = YES;
				INFOPLIST_KEY_UISupportedInterfaceOrientations = UIInterfaceOrientationPortrait;
				INFOPLIST_KEY_UISupportedInterfaceOrientations_iPad = "UIInterfaceOrientationLandscapeLeft UIInterfaceOrientationLandscapeRight UIInterfaceOrientationPortrait UIInterfaceOrientationPortraitUpsideDown";
				IPHONEOS_DEPLOYMENT_TARGET = 15.0;
				LD_RUNPATH_SEARCH_PATHS = (
					"$(inherited)",
					"@executable_path/Frameworks",
				);
				MARKETING_VERSION = 1.0;
				PRODUCT_BUNDLE_IDENTIFIER = "ca.bytesizedsoftware.Crypto-App";
				PRODUCT_NAME = "$(TARGET_NAME)";
				SUPPORTED_PLATFORMS = "iphoneos iphonesimulator";
				SUPPORTS_MACCATALYST = NO;
				SUPPORTS_MAC_DESIGNED_FOR_IPHONE_IPAD = NO;
				SWIFT_EMIT_LOC_STRINGS = YES;
				SWIFT_VERSION = 5.0;
				TARGETED_DEVICE_FAMILY = 1;
			};
			name = Release;
		};
/* End XCBuildConfiguration section */

/* Begin XCConfigurationList section */
		3D83D90728F289B800DB4114 /* Build configuration list for PBXProject "Crypto App" */ = {
			isa = XCConfigurationList;
			buildConfigurations = (
				3D83D91E28F289B900DB4114 /* Debug */,
				3D83D91F28F289B900DB4114 /* Release */,
			);
			defaultConfigurationIsVisible = 0;
			defaultConfigurationName = Release;
		};
		3D83D92028F289B900DB4114 /* Build configuration list for PBXNativeTarget "Crypto App" */ = {
			isa = XCConfigurationList;
			buildConfigurations = (
				3D83D92128F289B900DB4114 /* Debug */,
				3D83D92228F289B900DB4114 /* Release */,
			);
			defaultConfigurationIsVisible = 0;
			defaultConfigurationName = Release;
		};
/* End XCConfigurationList section */

/* Begin XCVersionGroup section */
		3D83D91A28F289B900DB4114 /* Crypto_App.xcdatamodeld */ = {
			isa = XCVersionGroup;
			children = (
				3D83D91B28F289B900DB4114 /* Crypto_App.xcdatamodel */,
			);
			currentVersion = 3D83D91B28F289B900DB4114 /* Crypto_App.xcdatamodel */;
			path = Crypto_App.xcdatamodeld;
			sourceTree = "<group>";
			versionGroupType = wrapper.xcdatamodel;
		};
/* End XCVersionGroup section */
	};
	rootObject = 3D83D90428F289B800DB4114 /* Project object */;
}
